
Microsoft Visual Studio Solution File, Format Version 12.00
# Visual Studio Version 16
VisualStudioVersion = 16.0.29709.97
MinimumVisualStudioVersion = 10.0.40219.1
Project("{FAE04EC0-301F-11D3-BF4B-00C04F79EFBC}") = "RustStarterKitPlugin", "RustStarterKitPlugin\RustStarterKitPlugin.csproj", "{4CA2051B-72C5-4F26-8C6C-B5AFCD6E0A03}"
EndProject
Global
	GlobalSection(SolutionConfigurationPlatforms) = preSolution
		Debug|Any CPU = Debug|Any CPU
		Release|Any CPU = Release|Any CPU
	EndGlobalSection
	GlobalSection(ProjectConfigurationPlatforms) = postSolution
		{4CA2051B-72C5-4F26-8C6C-B5AFCD6E0A03}.Debug|Any CPU.ActiveCfg = Debug|Any CPU
		{4CA2051B-72C5-4F26-8C6C-B5AFCD6E0A03}.Debug|Any CPU.Build.0 = Debug|Any CPU
		{4CA2051B-72C5-4F26-8C6C-B5AFCD6E0A03}.Release|Any CPU.ActiveCfg = Release|Any CPU
		{4CA2051B-72C5-4F26-8C6C-B5AFCD6E0A03}.Release|Any CPU.Build.0 = Release|Any CPU
	EndGlobalSection
	GlobalSection(SolutionProperties) = preSolution
		HideSolutionNode = FALSE
	EndGlobalSection
	GlobalSection(ExtensibilityGlobals) = postSolution
		SolutionGuid = {B800A3CD-FDDD-42DE-851C-F45B4A079B4C}
	EndGlobalSection
EndGlobal
